
Microsoft Visual Studio Solution File, Format Version 12.00
# Visual Studio Version 17
VisualStudioVersion = 17.11.35327.3
MinimumVisualStudioVersion = 10.0.40219.1
Project("{FAE04EC0-301F-11D3-BF4B-00C04F79EFBC}") = "Tp-Cuatrimestral-18A", "Tp-Cuatrimestral-18A.csproj", "{C148969F-9D2D-49D6-A1BE-8521E3761275}"
EndProject
Global
	GlobalSection(SolutionConfigurationPlatforms) = preSolution
		Debug|Any CPU = Debug|Any CPU
		Release|Any CPU = Release|Any CPU
	EndGlobalSection
	GlobalSection(ProjectConfigurationPlatforms) = postSolution
		{C148969F-9D2D-49D6-A1BE-8521E3761275}.Debug|Any CPU.ActiveCfg = Debug|Any CPU
		{C148969F-9D2D-49D6-A1BE-8521E3761275}.Debug|Any CPU.Build.0 = Debug|Any CPU
		{C148969F-9D2D-49D6-A1BE-8521E3761275}.Release|Any CPU.ActiveCfg = Release|Any CPU
		{C148969F-9D2D-49D6-A1BE-8521E3761275}.Release|Any CPU.Build.0 = Release|Any CPU
	EndGlobalSection
	GlobalSection(SolutionProperties) = preSolution
		HideSolutionNode = FALSE
	EndGlobalSection
	GlobalSection(ExtensibilityGlobals) = postSolution
		SolutionGuid = {7EABA6F3-5199-47EE-97CB-8966DA1D8493}
	EndGlobalSection
EndGlobal
