
Microsoft Visual Studio Solution File, Format Version 12.00
# Visual Studio Version 17
VisualStudioVersion = 17.11.35327.3
MinimumVisualStudioVersion = 10.0.40219.1
Project("{FAE04EC0-301F-11D3-BF4B-00C04F79EFBC}") = "Tp-Cuatrimestral-18A", "Tp-Cuatrimestral-18A.csproj", "{C148969F-9D2D-49D6-A1BE-8521E3761275}"
EndProject
Project("{FAE04EC0-301F-11D3-BF4B-00C04F79EFBC}") = "Dominio", "..\Dominio\Dominio.csproj", "{0CBBB582-D947-4CC3-91C4-B67D0223E310}"
EndProject
Project("{FAE04EC0-301F-11D3-BF4B-00C04F79EFBC}") = "Negocio", "..\Negocio\Negocio.csproj", "{87B5000D-5951-48B0-B669-CD0310AAE080}"
EndProject
Project("{FAE04EC0-301F-11D3-BF4B-00C04F79EFBC}") = "Seguridad", "..\Seguridad\Seguridad.csproj", "{D6733DDC-3726-4A1D-8722-8A403CB5F026}"
EndProject
Global
	GlobalSection(SolutionConfigurationPlatforms) = preSolution
		Debug|Any CPU = Debug|Any CPU
		Release|Any CPU = Release|Any CPU
	EndGlobalSection
	GlobalSection(ProjectConfigurationPlatforms) = postSolution
		{C148969F-9D2D-49D6-A1BE-8521E3761275}.Debug|Any CPU.ActiveCfg = Debug|Any CPU
		{C148969F-9D2D-49D6-A1BE-8521E3761275}.Debug|Any CPU.Build.0 = Debug|Any CPU
		{C148969F-9D2D-49D6-A1BE-8521E3761275}.Release|Any CPU.ActiveCfg = Release|Any CPU
		{C148969F-9D2D-49D6-A1BE-8521E3761275}.Release|Any CPU.Build.0 = Release|Any CPU
		{0CBBB582-D947-4CC3-91C4-B67D0223E310}.Debug|Any CPU.ActiveCfg = Debug|Any CPU
		{0CBBB582-D947-4CC3-91C4-B67D0223E310}.Debug|Any CPU.Build.0 = Debug|Any CPU
		{0CBBB582-D947-4CC3-91C4-B67D0223E310}.Release|Any CPU.ActiveCfg = Release|Any CPU
		{0CBBB582-D947-4CC3-91C4-B67D0223E310}.Release|Any CPU.Build.0 = Release|Any CPU
		{87B5000D-5951-48B0-B669-CD0310AAE080}.Debug|Any CPU.ActiveCfg = Debug|Any CPU
		{87B5000D-5951-48B0-B669-CD0310AAE080}.Debug|Any CPU.Build.0 = Debug|Any CPU
		{87B5000D-5951-48B0-B669-CD0310AAE080}.Release|Any CPU.ActiveCfg = Release|Any CPU
		{87B5000D-5951-48B0-B669-CD0310AAE080}.Release|Any CPU.Build.0 = Release|Any CPU
		{D6733DDC-3726-4A1D-8722-8A403CB5F026}.Debug|Any CPU.ActiveCfg = Debug|Any CPU
		{D6733DDC-3726-4A1D-8722-8A403CB5F026}.Debug|Any CPU.Build.0 = Debug|Any CPU
		{D6733DDC-3726-4A1D-8722-8A403CB5F026}.Release|Any CPU.ActiveCfg = Release|Any CPU
		{D6733DDC-3726-4A1D-8722-8A403CB5F026}.Release|Any CPU.Build.0 = Release|Any CPU
	EndGlobalSection
	GlobalSection(SolutionProperties) = preSolution
		HideSolutionNode = FALSE
	EndGlobalSection
	GlobalSection(ExtensibilityGlobals) = postSolution
		SolutionGuid = {7EABA6F3-5199-47EE-97CB-8966DA1D8493}
	EndGlobalSection
EndGlobal
